{
  "name": "git-ignore-utils",
  "version": "1.0.0",
  "lockfileVersion": 1,
  "requires": true,
  "dependencies": {
    "escalade": {
      "version": "3.0.1",
      "resolved": "https://registry.npmjs.org/escalade/-/escalade-3.0.1.tgz",
      "integrity": "sha512-DR6NO3h9niOT+MZs7bjxlj2a1k+POu5RN8CLTPX2+i78bRi9eLe7+0zXgUHMnGXWybYcL61E9hGhPKqedy8tQA=="
    },
    "parse-gitignore": {
      "version": "1.0.1",
      "resolved": "https://registry.npmjs.org/parse-gitignore/-/parse-gitignore-1.0.1.tgz",
      "integrity": "sha512-UGyowyjtx26n65kdAMWhm6/3uy5uSrpcuH7tt+QEVudiBoVS+eqHxD5kbi9oWVRwj7sCzXqwuM+rUGw7earl6A=="
    }
  }
}
